// !$*UTF8*$!
{
	archiveVersion = 1;
	classes = {
	};
	objectVersion = 46;
	objects = {

/* Begin PBXBuildFile section */
		CCD7A5C31CB2F9D300C080DE /* AppDelegate.swift in Sources */ = {isa = PBXBuildFile; fileRef = CCD7A5C21CB2F9D300C080DE /* AppDelegate.swift */; };
		CCD7A5C51CB2F9D300C080DE /* ViewController.swift in Sources */ = {isa = PBXBuildFile; fileRef = CCD7A5C41CB2F9D300C080DE /* ViewController.swift */; };
		CCD7A5C81CB2F9D300C080DE /* Main.storyboard in Resources */ = {isa = PBXBuildFile; fileRef = CCD7A5C61CB2F9D300C080DE /* Main.storyboard */; };
		CCD7A5CA1CB2F9D300C080DE /* Assets.xcassets in Resources */ = {isa = PBXBuildFile; fileRef = CCD7A5C91CB2F9D300C080DE /* Assets.xcassets */; };
		CCD7A5CD1CB2F9D300C080DE /* LaunchScreen.storyboard in Resources */ = {isa = PBXBuildFile; fileRef = CCD7A5CB1CB2F9D300C080DE /* LaunchScreen.storyboard */; };
/* End PBXBuildFile section */

/* Begin PBXFileReference section */
		CCD7A5BF1CB2F9D300C080DE /* JuegoDeMemoria.app */ = {isa = PBXFileReference; explicitFileType = wrapper.application; includeInIndex = 0; path = JuegoDeMemoria.app; sourceTree = BUILT_PRODUCTS_DIR; };
		CCD7A5C21CB2F9D300C080DE /* AppDelegate.swift */ = {isa = PBXFileReference; lastKnownFileType = sourcecode.swift; path = AppDelegate.swift; sourceTree = "<group>"; };
		CCD7A5C41CB2F9D300C080DE /* ViewController.swift */ = {isa = PBXFileReference; lastKnownFileType = sourcecode.swift; path = ViewController.swift; sourceTree = "<group>"; };
		CCD7A5C71CB2F9D300C080DE /* Base */ = {isa = PBXFileReference; lastKnownFileType = file.storyboard; name = Base; path = Base.lproj/Main.storyboard; sourceTree = "<group>"; };
		CCD7A5C91CB2F9D300C080DE /* Assets.xcassets */ = {isa = PBXFileReference; lastKnownFileType = folder.assetcatalog; path = Assets.xcassets; sourceTree = "<group>"; };
		CCD7A5CC1CB2F9D300C080DE /* Base */ = {isa = PBXFileReference; lastKnownFileType = file.storyboard; name = Base; path = Base.lproj/LaunchScreen.storyboard; sourceTree = "<group>"; };
		CCD7A5CE1CB2F9D300C080DE /* Info.plist */ = {isa = PBXFileReference; lastKnownFileType = text.plist.xml; path = Info.plist; sourceTree = "<group>"; };
		CCD7A5D41CB2FB0900C080DE /* BingoJuego.playground */ = {isa = PBXFileReference; lastKnownFileType = file.playground; path = BingoJuego.playground; sourceTree = "<group>"; };
/* End PBXFileReference section */

/* Begin PBXFrameworksBuildPhase section */
		CCD7A5BC1CB2F9D300C080DE /* Frameworks */ = {
			isa = PBXFrameworksBuildPhase;
			buildActionMask = 2147483647;
			files = (
			);
			runOnlyForDeploymentPostprocessing = 0;
		};
/* End PBXFrameworksBuildPhase section */

/* Begin PBXGroup section */
		CCD7A5B61CB2F9D300C080DE = {
			isa = PBXGroup;
			children = (
				CCD7A5D41CB2FB0900C080DE /* BingoJuego.playground */,
				CCD7A5C11CB2F9D300C080DE /* JuegoDeMemoria */,
				CCD7A5C01CB2F9D300C080DE /* Products */,
			);
			sourceTree = "<group>";
		};
		CCD7A5C01CB2F9D300C080DE /* Products */ = {
			isa = PBXGroup;
			children = (
				CCD7A5BF1CB2F9D300C080DE /* JuegoDeMemoria.app */,
			);
			name = Products;
			sourceTree = "<group>";
		};
		CCD7A5C11CB2F9D300C080DE /* JuegoDeMemoria */ = {
			isa = PBXGroup;
			children = (
				CCD7A5C21CB2F9D300C080DE /* AppDelegate.swift */,
				CCD7A5C41CB2F9D300C080DE /* ViewController.swift */,
				CCD7A5C61CB2F9D300C080DE /* Main.storyboard */,
				CCD7A5C91CB2F9D300C080DE /* Assets.xcassets */,
				CCD7A5CB1CB2F9D300C080DE /* LaunchScreen.storyboard */,
				CCD7A5CE1CB2F9D300C080DE /* Info.plist */,
			);
			path = JuegoDeMemoria;
			sourceTree = "<group>";
		};
/* End PBXGroup section */

/* Begin PBXNativeTarget section */
		CCD7A5BE1CB2F9D300C080DE /* JuegoDeMemoria */ = {
			isa = PBXNativeTarget;
			buildConfigurationList = CCD7A5D11CB2F9D300C080DE /* Build configuration list for PBXNativeTarget "JuegoDeMemoria" */;
			buildPhases = (
				CCD7A5BB1CB2F9D300C080DE /* Sources */,
				CCD7A5BC1CB2F9D300C080DE /* Frameworks */,
				CCD7A5BD1CB2F9D300C080DE /* Resources */,
			);
			buildRules = (
			);
			dependencies = (
			);
			name = JuegoDeMemoria;
			productName = JuegoDeMemoria;
			productReference = CCD7A5BF1CB2F9D300C080DE /* JuegoDeMemoria.app */;
			productType = "com.apple.product-type.application";
		};
/* End PBXNativeTarget section */

/* Begin PBXProject section */
		CCD7A5B71CB2F9D300C080DE /* Project object */ = {
			isa = PBXProject;
			attributes = {
				LastSwiftUpdateCheck = 0730;
				LastUpgradeCheck = 0730;
				ORGANIZATIONNAME = Guti;
				TargetAttributes = {
					CCD7A5BE1CB2F9D300C080DE = {
						CreatedOnToolsVersion = 7.3;
					};
				};
			};
			buildConfigurationList = CCD7A5BA1CB2F9D300C080DE /* Build configuration list for PBXProject "JuegoDeMemoria" */;
			compatibilityVersion = "Xcode 3.2";
			developmentRegion = English;
			hasScannedForEncodings = 0;
			knownRegions = (
				en,
				Base,
			);
			mainGroup = CCD7A5B61CB2F9D300C080DE;
			productRefGroup = CCD7A5C01CB2F9D300C080DE /* Products */;
			projectDirPath = "";
			projectRoot = "";
			targets = (
				CCD7A5BE1CB2F9D300C080DE /* JuegoDeMemoria */,
			);
		};
/* End PBXProject section */

/* Begin PBXResourcesBuildPhase section */
		CCD7A5BD1CB2F9D300C080DE /* Resources */ = {
			isa = PBXResourcesBuildPhase;
			buildActionMask = 2147483647;
			files = (
				CCD7A5CD1CB2F9D300C080DE /* LaunchScreen.storyboard in Resources */,
				CCD7A5CA1CB2F9D300C080DE /* Assets.xcassets in Resources */,
				CCD7A5C81CB2F9D300C080DE /* Main.storyboard in Resources */,
			);
			runOnlyForDeploymentPostprocessing = 0;
		};
/* End PBXResourcesBuildPhase section */

/* Begin PBXSourcesBuildPhase section */
		CCD7A5BB1CB2F9D300C080DE /* Sources */ = {
			isa = PBXSourcesBuildPhase;
			buildActionMask = 2147483647;
			files = (
				CCD7A5C51CB2F9D300C080DE /* ViewController.swift in Sources */,
				CCD7A5C31CB2F9D300C080DE /* AppDelegate.swift in Sources */,
			);
			runOnlyForDeploymentPostprocessing = 0;
		};
/* End PBXSourcesBuildPhase section */

/* Begin PBXVariantGroup section */
		CCD7A5C61CB2F9D300C080DE /* Main.storyboard */ = {
			isa = PBXVariantGroup;
			children = (
				CCD7A5C71CB2F9D300C080DE /* Base */,
			);
			name = Main.storyboard;
			sourceTree = "<group>";
		};
		CCD7A5CB1CB2F9D300C080DE /* LaunchScreen.storyboard */ = {
			isa = PBXVariantGroup;
			children = (
				CCD7A5CC1CB2F9D300C080DE /* Base */,
			);
			name = LaunchScreen.storyboard;
			sourceTree = "<group>";
		};
/* End PBXVariantGroup section */

/* Begin XCBuildConfiguration section */
		CCD7A5CF1CB2F9D300C080DE /* Debug */ = {
			isa = XCBuildConfiguration;
			buildSettings = {
				ALWAYS_SEARCH_USER_PATHS = NO;
				CLANG_ANALYZER_NONNULL = YES;
				CLANG_CXX_LANGUAGE_STANDARD = "gnu++0x";
				CLANG_CXX_LIBRARY = "libc++";
				CLANG_ENABLE_MODULES = YES;
				CLANG_ENABLE_OBJC_ARC = YES;
				CLANG_WARN_BOOL_CONVERSION = YES;
				CLANG_WARN_CONSTANT_CONVERSION = YES;
				CLANG_WARN_DIRECT_OBJC_ISA_USAGE = YES_ERROR;
				CLANG_WARN_EMPTY_BODY = YES;
				CLANG_WARN_ENUM_CONVERSION = YES;
				CLANG_WARN_INT_CONVERSION = YES;
				CLANG_WARN_OBJC_ROOT_CLASS = YES_ERROR;
				CLANG_WARN_UNREACHABLE_CODE = YES;
				CLANG_WARN__DUPLICATE_METHOD_MATCH = YES;
				"CODE_SIGN_IDENTITY[sdk=iphoneos*]" = "iPhone Developer";
				COPY_PHASE_STRIP = NO;
				DEBUG_INFORMATION_FORMAT = dwarf;
				ENABLE_STRICT_OBJC_MSGSEND = YES;
				ENABLE_TESTABILITY = YES;
				GCC_C_LANGUAGE_STANDARD = gnu99;
				GCC_DYNAMIC_NO_PIC = NO;
				GCC_NO_COMMON_BLOCKS = YES;
				GCC_OPTIMIZATION_LEVEL = 0;
				GCC_PREPROCESSOR_DEFINITIONS = (
					"DEBUG=1",
					"$(inherited)",
				);
				GCC_WARN_64_TO_32_BIT_CONVERSION = YES;
				GCC_WARN_ABOUT_RETURN_TYPE = YES_ERROR;
				GCC_WARN_UNDECLARED_SELECTOR = YES;
				GCC_WARN_UNINITIALIZED_AUTOS = YES_AGGRESSIVE;
				GCC_WARN_UNUSED_FUNCTION = YES;
				GCC_WARN_UNUSED_VARIABLE = YES;
				IPHONEOS_DEPLOYMENT_TARGET = 9.3;
				MTL_ENABLE_DEBUG_INFO = YES;
				ONLY_ACTIVE_ARCH = YES;
				SDKROOT = iphoneos;
				SWIFT_OPTIMIZATION_LEVEL = "-Onone";
				TARGETED_DEVICE_FAMILY = "1,2";
			};
			name = Debug;
		};
		CCD7A5D01CB2F9D300C080DE /* Release */ = {
			isa = XCBuildConfiguration;
			buildSettings = {
				ALWAYS_SEARCH_USER_PATHS = NO;
				CLANG_ANALYZER_NONNULL = YES;
				CLANG_CXX_LANGUAGE_STANDARD = "gnu++0x";
				CLANG_CXX_LIBRARY = "libc++";
				CLANG_ENABLE_MODULES = YES;
				CLANG_ENABLE_OBJC_ARC = YES;
				CLANG_WARN_BOOL_CONVERSION = YES;
				CLANG_WARN_CONSTANT_CONVERSION = YES;
				CLANG_WARN_DIRECT_OBJC_ISA_USAGE = YES_ERROR;
				CLANG_WARN_EMPTY_BODY = YES;
				CLANG_WARN_ENUM_CONVERSION = YES;
				CLANG_WARN_INT_CONVERSION = YES;
				CLANG_WARN_OBJC_ROOT_CLASS = YES_ERROR;
				CLANG_WARN_UNREACHABLE_CODE = YES;
				CLANG_WARN__DUPLICATE_METHOD_MATCH = YES;
				"CODE_SIGN_IDENTITY[sdk=iphoneos*]" = "iPhone Developer";
				COPY_PHASE_STRIP = NO;
				DEBUG_INFORMATION_FORMAT = "dwarf-with-dsym";
				ENABLE_NS_ASSERTIONS = NO;
				ENABLE_STRICT_OBJC_MSGSEND = YES;
				GCC_C_LANGUAGE_STANDARD = gnu99;
				GCC_NO_COMMON_BLOCKS = YES;
				GCC_WARN_64_TO_32_BIT_CONVERSION = YES;
				GCC_WARN_ABOUT_RETURN_TYPE = YES_ERROR;
				GCC_WARN_UNDECLARED_SELECTOR = YES;
				GCC_WARN_UNINITIALIZED_AUTOS = YES_AGGRESSIVE;
				GCC_WARN_UNUSED_FUNCTION = YES;
				GCC_WARN_UNUSED_VARIABLE = YES;
				IPHONEOS_DEPLOYMENT_TARGET = 9.3;
				MTL_ENABLE_DEBUG_INFO = NO;
				SDKROOT = iphoneos;
				TARGETED_DEVICE_FAMILY = "1,2";
				VALIDATE_PRODUCT = YES;
			};
			name = Release;
		};
		CCD7A5D21CB2F9D300C080DE /* Debug */ = {
			isa = XCBuildConfiguration;
			buildSettings = {
				ASSETCATALOG_COMPILER_APPICON_NAME = AppIcon;
				INFOPLIST_FILE = JuegoDeMemoria/Info.plist;
				LD_RUNPATH_SEARCH_PATHS = "$(inherited) @executable_path/Frameworks";
				PRODUCT_BUNDLE_IDENTIFIER = com.PielDeJaguar.JuegoDeMemoria;
				PRODUCT_NAME = "$(TARGET_NAME)";
			};
			name = Debug;
		};
		CCD7A5D31CB2F9D300C080DE /* Release */ = {
			isa = XCBuildConfiguration;
			buildSettings = {
				ASSETCATALOG_COMPILER_APPICON_NAME = AppIcon;
				INFOPLIST_FILE = JuegoDeMemoria/Info.plist;
				LD_RUNPATH_SEARCH_PATHS = "$(inherited) @executable_path/Frameworks";
				PRODUCT_BUNDLE_IDENTIFIER = com.PielDeJaguar.JuegoDeMemoria;
				PRODUCT_NAME = "$(TARGET_NAME)";
			};
			name = Release;
		};
/* End XCBuildConfiguration section */

/* Begin XCConfigurationList section */
		CCD7A5BA1CB2F9D300C080DE /* Build configuration list for PBXProject "JuegoDeMemoria" */ = {
			isa = XCConfigurationList;
			buildConfigurations = (
				CCD7A5CF1CB2F9D300C080DE /* Debug */,
				CCD7A5D01CB2F9D300C080DE /* Release */,
			);
			defaultConfigurationIsVisible = 0;
			defaultConfigurationName = Release;
		};
		CCD7A5D11CB2F9D300C080DE /* Build configuration list for PBXNativeTarget "JuegoDeMemoria" */ = {
			isa = XCConfigurationList;
			buildConfigurations = (
				CCD7A5D21CB2F9D300C080DE /* Debug */,
				CCD7A5D31CB2F9D300C080DE /* Release */,
			);
			defaultConfigurationIsVisible = 0;
		};
/* End XCConfigurationList section */
	};
	rootObject = CCD7A5B71CB2F9D300C080DE /* Project object */;
}
